
Microsoft Visual Studio Solution File, Format Version 12.00
# Visual Studio Version 16
VisualStudioVersion = 16.0.30002.166
MinimumVisualStudioVersion = 10.0.40219.1
Project("{FAE04EC0-301F-11D3-BF4B-00C04F79EFBC}") = "CleanCodeExample.Infrastructure", "CleanCodeExample.Infrastructure.csproj", "{22C043DB-BFCD-42A6-BEE1-200418E53657}"
EndProject
Project("{FAE04EC0-301F-11D3-BF4B-00C04F79EFBC}") = "CleanCodeExample.Domain", "..\CleanCodeExample.Domain\CleanCodeExample.Domain.csproj", "{D66C5C1C-8390-44C3-8073-4D2D6DB3DB6D}"
EndProject
Project("{FAE04EC0-301F-11D3-BF4B-00C04F79EFBC}") = "CleanCodeExample.Application", "..\CleanCodeExample.Application\CleanCodeExample.Application.csproj", "{0AB73208-F8FC-4F4E-9719-3B86685CC030}"
EndProject
Global
	GlobalSection(SolutionConfigurationPlatforms) = preSolution
		Debug|Any CPU = Debug|Any CPU
		Release|Any CPU = Release|Any CPU
	EndGlobalSection
	GlobalSection(ProjectConfigurationPlatforms) = postSolution
		{22C043DB-BFCD-42A6-BEE1-200418E53657}.Debug|Any CPU.ActiveCfg = Debug|Any CPU
		{22C043DB-BFCD-42A6-BEE1-200418E53657}.Debug|Any CPU.Build.0 = Debug|Any CPU
		{22C043DB-BFCD-42A6-BEE1-200418E53657}.Release|Any CPU.ActiveCfg = Release|Any CPU
		{22C043DB-BFCD-42A6-BEE1-200418E53657}.Release|Any CPU.Build.0 = Release|Any CPU
		{D66C5C1C-8390-44C3-8073-4D2D6DB3DB6D}.Debug|Any CPU.ActiveCfg = Debug|Any CPU
		{D66C5C1C-8390-44C3-8073-4D2D6DB3DB6D}.Debug|Any CPU.Build.0 = Debug|Any CPU
		{D66C5C1C-8390-44C3-8073-4D2D6DB3DB6D}.Release|Any CPU.ActiveCfg = Release|Any CPU
		{D66C5C1C-8390-44C3-8073-4D2D6DB3DB6D}.Release|Any CPU.Build.0 = Release|Any CPU
		{0AB73208-F8FC-4F4E-9719-3B86685CC030}.Debug|Any CPU.ActiveCfg = Debug|Any CPU
		{0AB73208-F8FC-4F4E-9719-3B86685CC030}.Debug|Any CPU.Build.0 = Debug|Any CPU
		{0AB73208-F8FC-4F4E-9719-3B86685CC030}.Release|Any CPU.ActiveCfg = Release|Any CPU
		{0AB73208-F8FC-4F4E-9719-3B86685CC030}.Release|Any CPU.Build.0 = Release|Any CPU
	EndGlobalSection
	GlobalSection(SolutionProperties) = preSolution
		HideSolutionNode = FALSE
	EndGlobalSection
	GlobalSection(ExtensibilityGlobals) = postSolution
		SolutionGuid = {22E220AD-A4E7-40ED-8A92-8A7143D5FA84}
	EndGlobalSection
EndGlobal
